
Microsoft Visual Studio Solution File, Format Version 12.00
# Visual Studio Version 17
VisualStudioVersion = 17.11.35208.52
MinimumVisualStudioVersion = 10.0.40219.1
Project("{FAE04EC0-301F-11D3-BF4B-00C04F79EFBC}") = "Calculator", "Calculator.csproj", "{874BF862-5F69-4E9B-AC06-09B985A9455A}"
EndProject
Global
	GlobalSection(SolutionConfigurationPlatforms) = preSolution
		Debug|Any CPU = Debug|Any CPU
		Release|Any CPU = Release|Any CPU
	EndGlobalSection
	GlobalSection(ProjectConfigurationPlatforms) = postSolution
		{874BF862-5F69-4E9B-AC06-09B985A9455A}.Debug|Any CPU.ActiveCfg = Debug|Any CPU
		{874BF862-5F69-4E9B-AC06-09B985A9455A}.Debug|Any CPU.Build.0 = Debug|Any CPU
		{874BF862-5F69-4E9B-AC06-09B985A9455A}.Release|Any CPU.ActiveCfg = Release|Any CPU
		{874BF862-5F69-4E9B-AC06-09B985A9455A}.Release|Any CPU.Build.0 = Release|Any CPU
	EndGlobalSection
	GlobalSection(SolutionProperties) = preSolution
		HideSolutionNode = FALSE
	EndGlobalSection
	GlobalSection(ExtensibilityGlobals) = postSolution
		SolutionGuid = {EDE28603-DE80-431B-A7B1-879A6B0146F7}
	EndGlobalSection
EndGlobal
